Microsoft Visual Studio Solution File, Format Version 11.00
# Visual Studio 2008

Project("{CCB9F861-7F90-07CA-5B99-4826CCCFC166}") = "Blablabla", "Assembly-CSharp.csproj", "{DBF380E9-AC6F-604A-5CA2-2EF8A03ED0D2}"
EndProject
Global
	GlobalSection(SolutionConfigurationPlatforms) = preSolution
		Debug|Any CPU = Debug|Any CPU
		Release|Any CPU = Release|Any CPU
	EndGlobalSection
	GlobalSection(ProjectConfigurationPlatforms) = postSolution
		{DBF380E9-AC6F-604A-5CA2-2EF8A03ED0D2}.Debug|Any CPU.ActiveCfg = Debug|Any CPU
		{DBF380E9-AC6F-604A-5CA2-2EF8A03ED0D2}.Debug|Any CPU.Build.0 = Debug|Any CPU
		{DBF380E9-AC6F-604A-5CA2-2EF8A03ED0D2}.Release|Any CPU.ActiveCfg = Release|Any CPU
		{DBF380E9-AC6F-604A-5CA2-2EF8A03ED0D2}.Release|Any CPU.Build.0 = Release|Any CPU
	EndGlobalSection
	GlobalSection(SolutionProperties) = preSolution
		HideSolutionNode = FALSE
	EndGlobalSection
	GlobalSection(MonoDevelopProperties) = preSolution
		StartupItem = Assembly-CSharp.csproj
	EndGlobalSection
EndGlobal
